
Microsoft Visual Studio Solution File, Format Version 12.00
# Visual Studio Version 16
VisualStudioVersion = 16.0.31220.234
MinimumVisualStudioVersion = 10.0.40219.1
Project("{FAE04EC0-301F-11D3-BF4B-00C04F79EFBC}") = "Demo", "Demo\Demo.csproj", "{05EDA914-8B12-4530-8584-357BF681DCB0}"
EndProject
Global
	GlobalSection(SolutionConfigurationPlatforms) = preSolution
		Debug|Any CPU = Debug|Any CPU
		Release|Any CPU = Release|Any CPU
	EndGlobalSection
	GlobalSection(ProjectConfigurationPlatforms) = postSolution
		{05EDA914-8B12-4530-8584-357BF681DCB0}.Debug|Any CPU.ActiveCfg = Debug|Any CPU
		{05EDA914-8B12-4530-8584-357BF681DCB0}.Debug|Any CPU.Build.0 = Debug|Any CPU
		{05EDA914-8B12-4530-8584-357BF681DCB0}.Release|Any CPU.ActiveCfg = Release|Any CPU
		{05EDA914-8B12-4530-8584-357BF681DCB0}.Release|Any CPU.Build.0 = Release|Any CPU
	EndGlobalSection
	GlobalSection(SolutionProperties) = preSolution
		HideSolutionNode = FALSE
	EndGlobalSection
	GlobalSection(ExtensibilityGlobals) = postSolution
		SolutionGuid = {F6006BED-F9CF-48C2-B1A3-89067FC9E591}
	EndGlobalSection
EndGlobal
